
Microsoft Visual Studio Solution File, Format Version 12.00
Project("{FAE04EC0-301F-11D3-BF4B-00C04F79EFBC}") = "BackupFiles", "BackupFiles\BackupFiles.csproj", "{22306759-B72A-43F0-92EC-B45191D0E2FA}"
EndProject
Global
	GlobalSection(SolutionConfigurationPlatforms) = preSolution
		Debug|Any CPU = Debug|Any CPU
		Release|Any CPU = Release|Any CPU
	EndGlobalSection
	GlobalSection(ProjectConfigurationPlatforms) = postSolution
		{22306759-B72A-43F0-92EC-B45191D0E2FA}.Debug|Any CPU.ActiveCfg = Debug|Any CPU
		{22306759-B72A-43F0-92EC-B45191D0E2FA}.Debug|Any CPU.Build.0 = Debug|Any CPU
		{22306759-B72A-43F0-92EC-B45191D0E2FA}.Release|Any CPU.ActiveCfg = Release|Any CPU
		{22306759-B72A-43F0-92EC-B45191D0E2FA}.Release|Any CPU.Build.0 = Release|Any CPU
	EndGlobalSection
EndGlobal
